
Microsoft Visual Studio Solution File, Format Version 12.00
# Visual Studio Version 16
VisualStudioVersion = 16.0.30204.135
MinimumVisualStudioVersion = 10.0.40219.1
Project("{FAE04EC0-301F-11D3-BF4B-00C04F79EFBC}") = "RazorPagesMovie", "RazorPagesMovie\RazorPagesMovie.csproj", "{81E7B153-3434-4971-849A-A53A48C280D0}"
EndProject
Global
	GlobalSection(SolutionConfigurationPlatforms) = preSolution
		Debug|Any CPU = Debug|Any CPU
		Release|Any CPU = Release|Any CPU
	EndGlobalSection
	GlobalSection(ProjectConfigurationPlatforms) = postSolution
		{81E7B153-3434-4971-849A-A53A48C280D0}.Debug|Any CPU.ActiveCfg = Debug|Any CPU
		{81E7B153-3434-4971-849A-A53A48C280D0}.Debug|Any CPU.Build.0 = Debug|Any CPU
		{81E7B153-3434-4971-849A-A53A48C280D0}.Release|Any CPU.ActiveCfg = Release|Any CPU
		{81E7B153-3434-4971-849A-A53A48C280D0}.Release|Any CPU.Build.0 = Release|Any CPU
	EndGlobalSection
	GlobalSection(SolutionProperties) = preSolution
		HideSolutionNode = FALSE
	EndGlobalSection
	GlobalSection(ExtensibilityGlobals) = postSolution
		SolutionGuid = {7F4D34B0-D7DE-4C5C-B87C-3D74B9E6BB35}
	EndGlobalSection
EndGlobal
